// !$*UTF8*$!
{
	archiveVersion = 1;
	classes = {
	};
	objectVersion = 56;
	objects = {

/* Begin PBXBuildFile section */
		36637EB42ABD34E0006063BA /* AppDelegate.swift in Sources */ = {isa = PBXBuildFile; fileRef = 36637EB32ABD34E0006063BA /* AppDelegate.swift */; };
		36637EB62ABD34E0006063BA /* SceneDelegate.swift in Sources */ = {isa = PBXBuildFile; fileRef = 36637EB52ABD34E0006063BA /* SceneDelegate.swift */; };
		36637EB82ABD34E0006063BA /* ViewController.swift in Sources */ = {isa = PBXBuildFile; fileRef = 36637EB72ABD34E0006063BA /* ViewController.swift */; };
		36637EBB2ABD34E0006063BA /* Main.storyboard in Resources */ = {isa = PBXBuildFile; fileRef = 36637EB92ABD34E0006063BA /* Main.storyboard */; };
		36637EBD2ABD34E1006063BA /* Assets.xcassets in Resources */ = {isa = PBXBuildFile; fileRef = 36637EBC2ABD34E1006063BA /* Assets.xcassets */; };
		36637EC02ABD34E1006063BA /* LaunchScreen.storyboard in Resources */ = {isa = PBXBuildFile; fileRef = 36637EBE2ABD34E1006063BA /* LaunchScreen.storyboard */; };
		36637ECB2ABD34E1006063BA /* WebSocketTests.swift in Sources */ = {isa = PBXBuildFile; fileRef = 36637ECA2ABD34E1006063BA /* WebSocketTests.swift */; };
		36637ED52ABD34E1006063BA /* WebSocketUITests.swift in Sources */ = {isa = PBXBuildFile; fileRef = 36637ED42ABD34E1006063BA /* WebSocketUITests.swift */; };
		36637ED72ABD34E1006063BA /* WebSocketUITestsLaunchTests.swift in Sources */ = {isa = PBXBuildFile; fileRef = 36637ED62ABD34E1006063BA /* WebSocketUITestsLaunchTests.swift */; };
/* End PBXBuildFile section */

/* Begin PBXContainerItemProxy section */
		36637EC72ABD34E1006063BA /* PBXContainerItemProxy */ = {
			isa = PBXContainerItemProxy;
			containerPortal = 36637EA82ABD34E0006063BA /* Project object */;
			proxyType = 1;
			remoteGlobalIDString = 36637EAF2ABD34E0006063BA;
			remoteInfo = WebSocket;
		};
		36637ED12ABD34E1006063BA /* PBXContainerItemProxy */ = {
			isa = PBXContainerItemProxy;
			containerPortal = 36637EA82ABD34E0006063BA /* Project object */;
			proxyType = 1;
			remoteGlobalIDString = 36637EAF2ABD34E0006063BA;
			remoteInfo = WebSocket;
		};
/* End PBXContainerItemProxy section */

/* Begin PBXFileReference section */
		36637EB02ABD34E0006063BA /* WebSocket.app */ = {isa = PBXFileReference; explicitFileType = wrapper.application; includeInIndex = 0; path = WebSocket.app; sourceTree = BUILT_PRODUCTS_DIR; };
		36637EB32ABD34E0006063BA /* AppDelegate.swift */ = {isa = PBXFileReference; lastKnownFileType = sourcecode.swift; path = AppDelegate.swift; sourceTree = "<group>"; };
		36637EB52ABD34E0006063BA /* SceneDelegate.swift */ = {isa = PBXFileReference; lastKnownFileType = sourcecode.swift; path = SceneDelegate.swift; sourceTree = "<group>"; };
		36637EB72ABD34E0006063BA /* ViewController.swift */ = {isa = PBXFileReference; lastKnownFileType = sourcecode.swift; path = ViewController.swift; sourceTree = "<group>"; };
		36637EBA2ABD34E0006063BA /* Base */ = {isa = PBXFileReference; lastKnownFileType = file.storyboard; name = Base; path = Base.lproj/Main.storyboard; sourceTree = "<group>"; };
		36637EBC2ABD34E1006063BA /* Assets.xcassets */ = {isa = PBXFileReference; lastKnownFileType = folder.assetcatalog; path = Assets.xcassets; sourceTree = "<group>"; };
		36637EBF2ABD34E1006063BA /* Base */ = {isa = PBXFileReference; lastKnownFileType = file.storyboard; name = Base; path = Base.lproj/LaunchScreen.storyboard; sourceTree = "<group>"; };
		36637EC12ABD34E1006063BA /* Info.plist */ = {isa = PBXFileReference; lastKnownFileType = text.plist.xml; path = Info.plist; sourceTree = "<group>"; };
		36637EC62ABD34E1006063BA /* WebSocketTests.xctest */ = {isa = PBXFileReference; explicitFileType = wrapper.cfbundle; includeInIndex = 0; path = WebSocketTests.xctest; sourceTree = BUILT_PRODUCTS_DIR; };
		36637ECA2ABD34E1006063BA /* WebSocketTests.swift */ = {isa = PBXFileReference; lastKnownFileType = sourcecode.swift; path = WebSocketTests.swift; sourceTree = "<group>"; };
		36637ED02ABD34E1006063BA /* WebSocketUITests.xctest */ = {isa = PBXFileReference; explicitFileType = wrapper.cfbundle; includeInIndex = 0; path = WebSocketUITests.xctest; sourceTree = BUILT_PRODUCTS_DIR; };
		36637ED42ABD34E1006063BA /* WebSocketUITests.swift */ = {isa = PBXFileReference; lastKnownFileType = sourcecode.swift; path = WebSocketUITests.swift; sourceTree = "<group>"; };
		36637ED62ABD34E1006063BA /* WebSocketUITestsLaunchTests.swift */ = {isa = PBXFileReference; lastKnownFileType = sourcecode.swift; path = WebSocketUITestsLaunchTests.swift; sourceTree = "<group>"; };
/* End PBXFileReference section */

/* Begin PBXFrameworksBuildPhase section */
		36637EAD2ABD34E0006063BA /* Frameworks */ = {
			isa = PBXFrameworksBuildPhase;
			buildActionMask = 2147483647;
			files = (
			);
			runOnlyForDeploymentPostprocessing = 0;
		};
		36637EC32ABD34E1006063BA /* Frameworks */ = {
			isa = PBXFrameworksBuildPhase;
			buildActionMask = 2147483647;
			files = (
			);
			runOnlyForDeploymentPostprocessing = 0;
		};
		36637ECD2ABD34E1006063BA /* Frameworks */ = {
			isa = PBXFrameworksBuildPhase;
			buildActionMask = 2147483647;
			files = (
			);
			runOnlyForDeploymentPostprocessing = 0;
		};
/* End PBXFrameworksBuildPhase section */

/* Begin PBXGroup section */
		36637EA72ABD34E0006063BA = {
			isa = PBXGroup;
			children = (
				36637EB22ABD34E0006063BA /* WebSocket */,
				36637EC92ABD34E1006063BA /* WebSocketTests */,
				36637ED32ABD34E1006063BA /* WebSocketUITests */,
				36637EB12ABD34E0006063BA /* Products */,
			);
			sourceTree = "<group>";
		};
		36637EB12ABD34E0006063BA /* Products */ = {
			isa = PBXGroup;
			children = (
				36637EB02ABD34E0006063BA /* WebSocket.app */,
				36637EC62ABD34E1006063BA /* WebSocketTests.xctest */,
				36637ED02ABD34E1006063BA /* WebSocketUITests.xctest */,
			);
			name = Products;
			sourceTree = "<group>";
		};
		36637EB22ABD34E0006063BA /* WebSocket */ = {
			isa = PBXGroup;
			children = (
				36637EB32ABD34E0006063BA /* AppDelegate.swift */,
				36637EB52ABD34E0006063BA /* SceneDelegate.swift */,
				36637EB72ABD34E0006063BA /* ViewController.swift */,
				36637EB92ABD34E0006063BA /* Main.storyboard */,
				36637EBC2ABD34E1006063BA /* Assets.xcassets */,
				36637EBE2ABD34E1006063BA /* LaunchScreen.storyboard */,
				36637EC12ABD34E1006063BA /* Info.plist */,
			);
			path = WebSocket;
			sourceTree = "<group>";
		};
		36637EC92ABD34E1006063BA /* WebSocketTests */ = {
			isa = PBXGroup;
			children = (
				36637ECA2ABD34E1006063BA /* WebSocketTests.swift */,
			);
			path = WebSocketTests;
			sourceTree = "<group>";
		};
		36637ED32ABD34E1006063BA /* WebSocketUITests */ = {
			isa = PBXGroup;
			children = (
				36637ED42ABD34E1006063BA /* WebSocketUITests.swift */,
				36637ED62ABD34E1006063BA /* WebSocketUITestsLaunchTests.swift */,
			);
			path = WebSocketUITests;
			sourceTree = "<group>";
		};
/* End PBXGroup section */

/* Begin PBXNativeTarget section */
		36637EAF2ABD34E0006063BA /* WebSocket */ = {
			isa = PBXNativeTarget;
			buildConfigurationList = 36637EDA2ABD34E1006063BA /* Build configuration list for PBXNativeTarget "WebSocket" */;
			buildPhases = (
				36637EAC2ABD34E0006063BA /* Sources */,
				36637EAD2ABD34E0006063BA /* Frameworks */,
				36637EAE2ABD34E0006063BA /* Resources */,
			);
			buildRules = (
			);
			dependencies = (
			);
			name = WebSocket;
			productName = WebSocket;
			productReference = 36637EB02ABD34E0006063BA /* WebSocket.app */;
			productType = "com.apple.product-type.application";
		};
		36637EC52ABD34E1006063BA /* WebSocketTests */ = {
			isa = PBXNativeTarget;
			buildConfigurationList = 36637EDD2ABD34E1006063BA /* Build configuration list for PBXNativeTarget "WebSocketTests" */;
			buildPhases = (
				36637EC22ABD34E1006063BA /* Sources */,
				36637EC32ABD34E1006063BA /* Frameworks */,
				36637EC42ABD34E1006063BA /* Resources */,
			);
			buildRules = (
			);
			dependencies = (
				36637EC82ABD34E1006063BA /* PBXTargetDependency */,
			);
			name = WebSocketTests;
			productName = WebSocketTests;
			productReference = 36637EC62ABD34E1006063BA /* WebSocketTests.xctest */;
			productType = "com.apple.product-type.bundle.unit-test";
		};
		36637ECF2ABD34E1006063BA /* WebSocketUITests */ = {
			isa = PBXNativeTarget;
			buildConfigurationList = 36637EE02ABD34E1006063BA /* Build configuration list for PBXNativeTarget "WebSocketUITests" */;
			buildPhases = (
				36637ECC2ABD34E1006063BA /* Sources */,
				36637ECD2ABD34E1006063BA /* Frameworks */,
				36637ECE2ABD34E1006063BA /* Resources */,
			);
			buildRules = (
			);
			dependencies = (
				36637ED22ABD34E1006063BA /* PBXTargetDependency */,
			);
			name = WebSocketUITests;
			productName = WebSocketUITests;
			productReference = 36637ED02ABD34E1006063BA /* WebSocketUITests.xctest */;
			productType = "com.apple.product-type.bundle.ui-testing";
		};
/* End PBXNativeTarget section */

/* Begin PBXProject section */
		36637EA82ABD34E0006063BA /* Project object */ = {
			isa = PBXProject;
			attributes = {
				BuildIndependentTargetsInParallel = 1;
				LastSwiftUpdateCheck = 1420;
				LastUpgradeCheck = 1420;
				TargetAttributes = {
					36637EAF2ABD34E0006063BA = {
						CreatedOnToolsVersion = 14.2;
					};
					36637EC52ABD34E1006063BA = {
						CreatedOnToolsVersion = 14.2;
						TestTargetID = 36637EAF2ABD34E0006063BA;
					};
					36637ECF2ABD34E1006063BA = {
						CreatedOnToolsVersion = 14.2;
						TestTargetID = 36637EAF2ABD34E0006063BA;
					};
				};
			};
			buildConfigurationList = 36637EAB2ABD34E0006063BA /* Build configuration list for PBXProject "WebSocket" */;
			compatibilityVersion = "Xcode 14.0";
			developmentRegion = en;
			hasScannedForEncodings = 0;
			knownRegions = (
				en,
				Base,
			);
			mainGroup = 36637EA72ABD34E0006063BA;
			productRefGroup = 36637EB12ABD34E0006063BA /* Products */;
			projectDirPath = "";
			projectRoot = "";
			targets = (
				36637EAF2ABD34E0006063BA /* WebSocket */,
				36637EC52ABD34E1006063BA /* WebSocketTests */,
				36637ECF2ABD34E1006063BA /* WebSocketUITests */,
			);
		};
/* End PBXProject section */

/* Begin PBXResourcesBuildPhase section */
		36637EAE2ABD34E0006063BA /* Resources */ = {
			isa = PBXResourcesBuildPhase;
			buildActionMask = 2147483647;
			files = (
				36637EC02ABD34E1006063BA /* LaunchScreen.storyboard in Resources */,
				36637EBD2ABD34E1006063BA /* Assets.xcassets in Resources */,
				36637EBB2ABD34E0006063BA /* Main.storyboard in Resources */,
			);
			runOnlyForDeploymentPostprocessing = 0;
		};
		36637EC42ABD34E1006063BA /* Resources */ = {
			isa = PBXResourcesBuildPhase;
			buildActionMask = 2147483647;
			files = (
			);
			runOnlyForDeploymentPostprocessing = 0;
		};
		36637ECE2ABD34E1006063BA /* Resources */ = {
			isa = PBXResourcesBuildPhase;
			buildActionMask = 2147483647;
			files = (
			);
			runOnlyForDeploymentPostprocessing = 0;
		};
/* End PBXResourcesBuildPhase section */

/* Begin PBXSourcesBuildPhase section */
		36637EAC2ABD34E0006063BA /* Sources */ = {
			isa = PBXSourcesBuildPhase;
			buildActionMask = 2147483647;
			files = (
				36637EB82ABD34E0006063BA /* ViewController.swift in Sources */,
				36637EB42ABD34E0006063BA /* AppDelegate.swift in Sources */,
				36637EB62ABD34E0006063BA /* SceneDelegate.swift in Sources */,
			);
			runOnlyForDeploymentPostprocessing = 0;
		};
		36637EC22ABD34E1006063BA /* Sources */ = {
			isa = PBXSourcesBuildPhase;
			buildActionMask = 2147483647;
			files = (
				36637ECB2ABD34E1006063BA /* WebSocketTests.swift in Sources */,
			);
			runOnlyForDeploymentPostprocessing = 0;
		};
		36637ECC2ABD34E1006063BA /* Sources */ = {
			isa = PBXSourcesBuildPhase;
			buildActionMask = 2147483647;
			files = (
				36637ED72ABD34E1006063BA /* WebSocketUITestsLaunchTests.swift in Sources */,
				36637ED52ABD34E1006063BA /* WebSocketUITests.swift in Sources */,
			);
			runOnlyForDeploymentPostprocessing = 0;
		};
/* End PBXSourcesBuildPhase section */

/* Begin PBXTargetDependency section */
		36637EC82ABD34E1006063BA /* PBXTargetDependency */ = {
			isa = PBXTargetDependency;
			target = 36637EAF2ABD34E0006063BA /* WebSocket */;
			targetProxy = 36637EC72ABD34E1006063BA /* PBXContainerItemProxy */;
		};
		36637ED22ABD34E1006063BA /* PBXTargetDependency */ = {
			isa = PBXTargetDependency;
			target = 36637EAF2ABD34E0006063BA /* WebSocket */;
			targetProxy = 36637ED12ABD34E1006063BA /* PBXContainerItemProxy */;
		};
/* End PBXTargetDependency section */

/* Begin PBXVariantGroup section */
		36637EB92ABD34E0006063BA /* Main.storyboard */ = {
			isa = PBXVariantGroup;
			children = (
				36637EBA2ABD34E0006063BA /* Base */,
			);
			name = Main.storyboard;
			sourceTree = "<group>";
		};
		36637EBE2ABD34E1006063BA /* LaunchScreen.storyboard */ = {
			isa = PBXVariantGroup;
			children = (
				36637EBF2ABD34E1006063BA /* Base */,
			);
			name = LaunchScreen.storyboard;
			sourceTree = "<group>";
		};
/* End PBXVariantGroup section */

/* Begin XCBuildConfiguration section */
		36637ED82ABD34E1006063BA /* Debug */ = {
			isa = XCBuildConfiguration;
			buildSettings = {
				ALWAYS_SEARCH_USER_PATHS = NO;
				CLANG_ANALYZER_NONNULL = YES;
				CLANG_ANALYZER_NUMBER_OBJECT_CONVERSION = YES_AGGRESSIVE;
				CLANG_CXX_LANGUAGE_STANDARD = "gnu++20";
				CLANG_ENABLE_MODULES = YES;
				CLANG_ENABLE_OBJC_ARC = YES;
				CLANG_ENABLE_OBJC_WEAK = YES;
				CLANG_WARN_BLOCK_CAPTURE_AUTORELEASING = YES;
				CLANG_WARN_BOOL_CONVERSION = YES;
				CLANG_WARN_COMMA = YES;
				CLANG_WARN_CONSTANT_CONVERSION = YES;
				CLANG_WARN_DEPRECATED_OBJC_IMPLEMENTATIONS = YES;
				CLANG_WARN_DIRECT_OBJC_ISA_USAGE = YES_ERROR;
				CLANG_WARN_DOCUMENTATION_COMMENTS = YES;
				CLANG_WARN_EMPTY_BODY = YES;
				CLANG_WARN_ENUM_CONVERSION = YES;
				CLANG_WARN_INFINITE_RECURSION = YES;
				CLANG_WARN_INT_CONVERSION = YES;
				CLANG_WARN_NON_LITERAL_NULL_CONVERSION = YES;
				CLANG_WARN_OBJC_IMPLICIT_RETAIN_SELF = YES;
				CLANG_WARN_OBJC_LITERAL_CONVERSION = YES;
				CLANG_WARN_OBJC_ROOT_CLASS = YES_ERROR;
				CLANG_WARN_QUOTED_INCLUDE_IN_FRAMEWORK_HEADER = YES;
				CLANG_WARN_RANGE_LOOP_ANALYSIS = YES;
				CLANG_WARN_STRICT_PROTOTYPES = YES;
				CLANG_WARN_SUSPICIOUS_MOVE = YES;
				CLANG_WARN_UNGUARDED_AVAILABILITY = YES_AGGRESSIVE;
				CLANG_WARN_UNREACHABLE_CODE = YES;
				CLANG_WARN__DUPLICATE_METHOD_MATCH = YES;
				COPY_PHASE_STRIP = NO;
				DEBUG_INFORMATION_FORMAT = dwarf;
				ENABLE_STRICT_OBJC_MSGSEND = YES;
				ENABLE_TESTABILITY = YES;
				GCC_C_LANGUAGE_STANDARD = gnu11;
				GCC_DYNAMIC_NO_PIC = NO;
				GCC_NO_COMMON_BLOCKS = YES;
				GCC_OPTIMIZATION_LEVEL = 0;
				GCC_PREPROCESSOR_DEFINITIONS = (
					"DEBUG=1",
					"$(inherited)",
				);
				GCC_WARN_64_TO_32_BIT_CONVERSION = YES;
				GCC_WARN_ABOUT_RETURN_TYPE = YES_ERROR;
				GCC_WARN_UNDECLARED_SELECTOR = YES;
				GCC_WARN_UNINITIALIZED_AUTOS = YES_AGGRESSIVE;
				GCC_WARN_UNUSED_FUNCTION = YES;
				GCC_WARN_UNUSED_VARIABLE = YES;
				IPHONEOS_DEPLOYMENT_TARGET = 16.2;
				MTL_ENABLE_DEBUG_INFO = INCLUDE_SOURCE;
				MTL_FAST_MATH = YES;
				ONLY_ACTIVE_ARCH = YES;
				SDKROOT = iphoneos;
				SWIFT_ACTIVE_COMPILATION_CONDITIONS = DEBUG;
				SWIFT_OPTIMIZATION_LEVEL = "-Onone";
			};
			name = Debug;
		};
		36637ED92ABD34E1006063BA /* Release */ = {
			isa = XCBuildConfiguration;
			buildSettings = {
				ALWAYS_SEARCH_USER_PATHS = NO;
				CLANG_ANALYZER_NONNULL = YES;
				CLANG_ANALYZER_NUMBER_OBJECT_CONVERSION = YES_AGGRESSIVE;
				CLANG_CXX_LANGUAGE_STANDARD = "gnu++20";
				CLANG_ENABLE_MODULES = YES;
				CLANG_ENABLE_OBJC_ARC = YES;
				CLANG_ENABLE_OBJC_WEAK = YES;
				CLANG_WARN_BLOCK_CAPTURE_AUTORELEASING = YES;
				CLANG_WARN_BOOL_CONVERSION = YES;
				CLANG_WARN_COMMA = YES;
				CLANG_WARN_CONSTANT_CONVERSION = YES;
				CLANG_WARN_DEPRECATED_OBJC_IMPLEMENTATIONS = YES;
				CLANG_WARN_DIRECT_OBJC_ISA_USAGE = YES_ERROR;
				CLANG_WARN_DOCUMENTATION_COMMENTS = YES;
				CLANG_WARN_EMPTY_BODY = YES;
				CLANG_WARN_ENUM_CONVERSION = YES;
				CLANG_WARN_INFINITE_RECURSION = YES;
				CLANG_WARN_INT_CONVERSION = YES;
				CLANG_WARN_NON_LITERAL_NULL_CONVERSION = YES;
				CLANG_WARN_OBJC_IMPLICIT_RETAIN_SELF = YES;
				CLANG_WARN_OBJC_LITERAL_CONVERSION = YES;
				CLANG_WARN_OBJC_ROOT_CLASS = YES_ERROR;
				CLANG_WARN_QUOTED_INCLUDE_IN_FRAMEWORK_HEADER = YES;
				CLANG_WARN_RANGE_LOOP_ANALYSIS = YES;
				CLANG_WARN_STRICT_PROTOTYPES = YES;
				CLANG_WARN_SUSPICIOUS_MOVE = YES;
				CLANG_WARN_UNGUARDED_AVAILABILITY = YES_AGGRESSIVE;
				CLANG_WARN_UNREACHABLE_CODE = YES;
				CLANG_WARN__DUPLICATE_METHOD_MATCH = YES;
				COPY_PHASE_STRIP = NO;
				DEBUG_INFORMATION_FORMAT = "dwarf-with-dsym";
				ENABLE_NS_ASSERTIONS = NO;
				ENABLE_STRICT_OBJC_MSGSEND = YES;
				GCC_C_LANGUAGE_STANDARD = gnu11;
				GCC_NO_COMMON_BLOCKS = YES;
				GCC_WARN_64_TO_32_BIT_CONVERSION = YES;
				GCC_WARN_ABOUT_RETURN_TYPE = YES_ERROR;
				GCC_WARN_UNDECLARED_SELECTOR = YES;
				GCC_WARN_UNINITIALIZED_AUTOS = YES_AGGRESSIVE;
				GCC_WARN_UNUSED_FUNCTION = YES;
				GCC_WARN_UNUSED_VARIABLE = YES;
				IPHONEOS_DEPLOYMENT_TARGET = 16.2;
				MTL_ENABLE_DEBUG_INFO = NO;
				MTL_FAST_MATH = YES;
				SDKROOT = iphoneos;
				SWIFT_COMPILATION_MODE = wholemodule;
				SWIFT_OPTIMIZATION_LEVEL = "-O";
				VALIDATE_PRODUCT = YES;
			};
			name = Release;
		};
		36637EDB2ABD34E1006063BA /* Debug */ = {
			isa = XCBuildConfiguration;
			buildSettings = {
				ASSETCATALOG_COMPILER_APPICON_NAME = AppIcon;
				ASSETCATALOG_COMPILER_GLOBAL_ACCENT_COLOR_NAME = AccentColor;
				CODE_SIGN_STYLE = Automatic;
				CURRENT_PROJECT_VERSION = 1;
				GENERATE_INFOPLIST_FILE = YES;
				INFOPLIST_FILE = WebSocket/Info.plist;
				INFOPLIST_KEY_UIApplicationSupportsIndirectInputEvents = YES;
				INFOPLIST_KEY_UILaunchStoryboardName = LaunchScreen;
				INFOPLIST_KEY_UIMainStoryboardFile = Main;
				INFOPLIST_KEY_UISupportedInterfaceOrientations_iPad = "UIInterfaceOrientationPortrait UIInterfaceOrientationPortraitUpsideDown UIInterfaceOrientationLandscapeLeft UIInterfaceOrientationLandscapeRight";
				INFOPLIST_KEY_UISupportedInterfaceOrientations_iPhone = "UIInterfaceOrientationPortrait UIInterfaceOrientationLandscapeLeft UIInterfaceOrientationLandscapeRight";
				LD_RUNPATH_SEARCH_PATHS = (
					"$(inherited)",
					"@executable_path/Frameworks",
				);
				MARKETING_VERSION = 1.0;
				PRODUCT_BUNDLE_IDENTIFIER = com.phincon.WebSocket;
				PRODUCT_NAME = "$(TARGET_NAME)";
				SWIFT_EMIT_LOC_STRINGS = YES;
				SWIFT_VERSION = 5.0;
				TARGETED_DEVICE_FAMILY = "1,2";
			};
			name = Debug;
		};
		36637EDC2ABD34E1006063BA /* Release */ = {
			isa = XCBuildConfiguration;
			buildSettings = {
				ASSETCATALOG_COMPILER_APPICON_NAME = AppIcon;
				ASSETCATALOG_COMPILER_GLOBAL_ACCENT_COLOR_NAME = AccentColor;
				CODE_SIGN_STYLE = Automatic;
				CURRENT_PROJECT_VERSION = 1;
				GENERATE_INFOPLIST_FILE = YES;
				INFOPLIST_FILE = WebSocket/Info.plist;
				INFOPLIST_KEY_UIApplicationSupportsIndirectInputEvents = YES;
				INFOPLIST_KEY_UILaunchStoryboardName = LaunchScreen;
				INFOPLIST_KEY_UIMainStoryboardFile = Main;
				INFOPLIST_KEY_UISupportedInterfaceOrientations_iPad = "UIInterfaceOrientationPortrait UIInterfaceOrientationPortraitUpsideDown UIInterfaceOrientationLandscapeLeft UIInterfaceOrientationLandscapeRight";
				INFOPLIST_KEY_UISupportedInterfaceOrientations_iPhone = "UIInterfaceOrientationPortrait UIInterfaceOrientationLandscapeLeft UIInterfaceOrientationLandscapeRight";
				LD_RUNPATH_SEARCH_PATHS = (
					"$(inherited)",
					"@executable_path/Frameworks",
				);
				MARKETING_VERSION = 1.0;
				PRODUCT_BUNDLE_IDENTIFIER = com.phincon.WebSocket;
				PRODUCT_NAME = "$(TARGET_NAME)";
				SWIFT_EMIT_LOC_STRINGS = YES;
				SWIFT_VERSION = 5.0;
				TARGETED_DEVICE_FAMILY = "1,2";
			};
			name = Release;
		};
		36637EDE2ABD34E1006063BA /* Debug */ = {
			isa = XCBuildConfiguration;
			buildSettings = {
				ALWAYS_EMBED_SWIFT_STANDARD_LIBRARIES = YES;
				BUNDLE_LOADER = "$(TEST_HOST)";
				CODE_SIGN_STYLE = Automatic;
				CURRENT_PROJECT_VERSION = 1;
				GENERATE_INFOPLIST_FILE = YES;
				IPHONEOS_DEPLOYMENT_TARGET = 16.2;
				MARKETING_VERSION = 1.0;
				PRODUCT_BUNDLE_IDENTIFIER = com.phincon.WebSocketTests;
				PRODUCT_NAME = "$(TARGET_NAME)";
				SWIFT_EMIT_LOC_STRINGS = NO;
				SWIFT_VERSION = 5.0;
				TARGETED_DEVICE_FAMILY = "1,2";
				TEST_HOST = "$(BUILT_PRODUCTS_DIR)/WebSocket.app/$(BUNDLE_EXECUTABLE_FOLDER_PATH)/WebSocket";
			};
			name = Debug;
		};
		36637EDF2ABD34E1006063BA /* Release */ = {
			isa = XCBuildConfiguration;
			buildSettings = {
				ALWAYS_EMBED_SWIFT_STANDARD_LIBRARIES = YES;
				BUNDLE_LOADER = "$(TEST_HOST)";
				CODE_SIGN_STYLE = Automatic;
				CURRENT_PROJECT_VERSION = 1;
				GENERATE_INFOPLIST_FILE = YES;
				IPHONEOS_DEPLOYMENT_TARGET = 16.2;
				MARKETING_VERSION = 1.0;
				PRODUCT_BUNDLE_IDENTIFIER = com.phincon.WebSocketTests;
				PRODUCT_NAME = "$(TARGET_NAME)";
				SWIFT_EMIT_LOC_STRINGS = NO;
				SWIFT_VERSION = 5.0;
				TARGETED_DEVICE_FAMILY = "1,2";
				TEST_HOST = "$(BUILT_PRODUCTS_DIR)/WebSocket.app/$(BUNDLE_EXECUTABLE_FOLDER_PATH)/WebSocket";
			};
			name = Release;
		};
		36637EE12ABD34E1006063BA /* Debug */ = {
			isa = XCBuildConfiguration;
			buildSettings = {
				ALWAYS_EMBED_SWIFT_STANDARD_LIBRARIES = YES;
				CODE_SIGN_STYLE = Automatic;
				CURRENT_PROJECT_VERSION = 1;
				GENERATE_INFOPLIST_FILE = YES;
				MARKETING_VERSION = 1.0;
				PRODUCT_BUNDLE_IDENTIFIER = com.phincon.WebSocketUITests;
				PRODUCT_NAME = "$(TARGET_NAME)";
				SWIFT_EMIT_LOC_STRINGS = NO;
				SWIFT_VERSION = 5.0;
				TARGETED_DEVICE_FAMILY = "1,2";
				TEST_TARGET_NAME = WebSocket;
			};
			name = Debug;
		};
		36637EE22ABD34E1006063BA /* Release */ = {
			isa = XCBuildConfiguration;
			buildSettings = {
				ALWAYS_EMBED_SWIFT_STANDARD_LIBRARIES = YES;
				CODE_SIGN_STYLE = Automatic;
				CURRENT_PROJECT_VERSION = 1;
				GENERATE_INFOPLIST_FILE = YES;
				MARKETING_VERSION = 1.0;
				PRODUCT_BUNDLE_IDENTIFIER = com.phincon.WebSocketUITests;
				PRODUCT_NAME = "$(TARGET_NAME)";
				SWIFT_EMIT_LOC_STRINGS = NO;
				SWIFT_VERSION = 5.0;
				TARGETED_DEVICE_FAMILY = "1,2";
				TEST_TARGET_NAME = WebSocket;
			};
			name = Release;
		};
/* End XCBuildConfiguration section */

/* Begin XCConfigurationList section */
		36637EAB2ABD34E0006063BA /* Build configuration list for PBXProject "WebSocket" */ = {
			isa = XCConfigurationList;
			buildConfigurations = (
				36637ED82ABD34E1006063BA /* Debug */,
				36637ED92ABD34E1006063BA /* Release */,
			);
			defaultConfigurationIsVisible = 0;
			defaultConfigurationName = Release;
		};
		36637EDA2ABD34E1006063BA /* Build configuration list for PBXNativeTarget "WebSocket" */ = {
			isa = XCConfigurationList;
			buildConfigurations = (
				36637EDB2ABD34E1006063BA /* Debug */,
				36637EDC2ABD34E1006063BA /* Release */,
			);
			defaultConfigurationIsVisible = 0;
			defaultConfigurationName = Release;
		};
		36637EDD2ABD34E1006063BA /* Build configuration list for PBXNativeTarget "WebSocketTests" */ = {
			isa = XCConfigurationList;
			buildConfigurations = (
				36637EDE2ABD34E1006063BA /* Debug */,
				36637EDF2ABD34E1006063BA /* Release */,
			);
			defaultConfigurationIsVisible = 0;
			defaultConfigurationName = Release;
		};
		36637EE02ABD34E1006063BA /* Build configuration list for PBXNativeTarget "WebSocketUITests" */ = {
			isa = XCConfigurationList;
			buildConfigurations = (
				36637EE12ABD34E1006063BA /* Debug */,
				36637EE22ABD34E1006063BA /* Release */,
			);
			defaultConfigurationIsVisible = 0;
			defaultConfigurationName = Release;
		};
/* End XCConfigurationList section */
	};
	rootObject = 36637EA82ABD34E0006063BA /* Project object */;
}
